{
  "name": "pai_nai_dee",
  "version": "1.0.0",
  "lockfileVersion": 3,
  "requires": true,
  "packages": {
    "": {
      "name": "pai_nai_dee",
      "version": "1.0.0",
      "license": "ISC",
      "devDependencies": {
        "jest": "^29.0.0"
      }
    },
    "node_modules/jest": {
      "version": "29.7.0",
      "resolved": "https://registry.npmjs.org/jest/-/jest-29.7.0.tgz",
      "integrity": "sha512-GUcT5K7N7bOoXVQtM4BSSloLl2mPSoTD6SJI0+IApgQ+hLTCg2Kj2a9S0h+EAejEdKz4KNLZA/HhJ2Kx2V89XQ==",
      "dev": true,
      "dependencies": {
        "jest-cli": "^29.7.0"
      },
      "bin": {
        "jest": "bin/jest.js"
      },
      "engines": {
        "node": "^12.13.0 || ^14.15.0 || ^16.10.0 || >=18.0.0"
      }
    },
    "node_modules/jest-cli": {
      "version": "29.7.0",
      "resolved": "https://registry.npmjs.org/jest-cli/-/jest-cli-29.7.0.tgz",
      "integrity": "sha512-wQmdT7J//Tur8ucy1m2jW3N07rmVIdK+VvXJgqCVTr92tD0Vj2HIIHhIT0zFPYDG3kmg0s2N7AudEB4revF9mw==",
      "dev": true,
      "dependencies": {
        "@jest/core": "^29.7.0",
        "import-local": "^3.0.2",
        "jest-util": "^29.7.0",
        "yargs": "^17.2.1"
      },
      "bin": {
        "jest": "bin/jest.js"
      },
      "engines": {
        "node": "^12.13.0 || ^14.15.0 || ^16.10.0 || >=18.0.0"
      },
      "peerDependencies": {
        "node-notifier": "^8.0.1 || ^9.0.0 || ^10.0.0"
      },
      "peerDependenciesMeta": {
        "node-notifier": {
          "optional": true
        }
      }
    }
    // ... other dependencies of jest would be listed here in a real package-lock.json
    // For brevity, only jest and jest-cli are partially represented.
  }
}
